
Microsoft Visual Studio Solution File, Format Version 12.00
# Visual Studio Version 17
VisualStudioVersion = 17.5.33530.505
MinimumVisualStudioVersion = 10.0.40219.1
Project("{9A19103F-16F7-4668-BE54-9A1E7A4F7556}") = "ANC.Modelo", "ANC.Modelo\ANC.Modelo.csproj", "{EF3DEEF9-0302-4C08-B52D-56D647F3DE3F}"
EndProject
Project("{2150E333-8FDC-42A3-9474-1A3956D46DE8}") = "01 PRESENTACION", "01 PRESENTACION", "{F0B89DDA-0E00-4FCB-B4C6-EFB3FDB05CA8}"
EndProject
Project("{2150E333-8FDC-42A3-9474-1A3956D46DE8}") = "01 MODELO", "01 MODELO", "{682DB757-C4E7-4769-982B-52B4B032A1CD}"
EndProject
Project("{2150E333-8FDC-42A3-9474-1A3956D46DE8}") = "02 SERVICIO WEB", "02 SERVICIO WEB", "{1FDB336B-9CA4-4F98-91EB-EC888DF052BE}"
EndProject
Project("{2150E333-8FDC-42A3-9474-1A3956D46DE8}") = "03 LOGICA NEGOCIO", "03 LOGICA NEGOCIO", "{E8BB8077-51A5-4B5E-9026-3D4625C904B9}"
EndProject
Project("{2150E333-8FDC-42A3-9474-1A3956D46DE8}") = "04 ACCESO A DATOS", "04 ACCESO A DATOS", "{D30BBF6E-799E-4ECC-AFB3-89CEB7911AEE}"
EndProject
Project("{2150E333-8FDC-42A3-9474-1A3956D46DE8}") = "05 ENTIDADES", "05 ENTIDADES", "{60166B84-283E-4C1C-8F4E-97E67228B73D}"
EndProject
Project("{2150E333-8FDC-42A3-9474-1A3956D46DE8}") = "06 COMUN", "06 COMUN", "{09EC9C67-E3C5-4E43-8DDE-DF3F62A39DE8}"
EndProject
Project("{2150E333-8FDC-42A3-9474-1A3956D46DE8}") = "02 WEB", "02 WEB", "{849E326F-9C39-4259-9F56-C491957AFBCC}"
EndProject
Project("{9A19103F-16F7-4668-BE54-9A1E7A4F7556}") = "ANC.Antecedentes-api", "ANC.Antecedentes-api\ANC.Antecedentes-api.csproj", "{EB8EB4E5-56BD-40AC-B609-09B482750DD5}"
EndProject
Project("{9A19103F-16F7-4668-BE54-9A1E7A4F7556}") = "ANC.LogicaNegocio", "ANC.LogicaNegocio\ANC.LogicaNegocio.csproj", "{5D8E63E6-4FEF-4D94-8378-4F3D1292DE77}"
EndProject
Project("{9A19103F-16F7-4668-BE54-9A1E7A4F7556}") = "ANC.AccesoDatos", "ANC.AccesoDatos\ANC.AccesoDatos.csproj", "{68D61AEB-434D-4C3A-AEC1-DF2B3EAA67D0}"
EndProject
Project("{9A19103F-16F7-4668-BE54-9A1E7A4F7556}") = "ANC.Entidades", "ANC.Entidades\ANC.Entidades.csproj", "{52632F09-163B-4628-827A-77A929D1CCCB}"
EndProject
Project("{9A19103F-16F7-4668-BE54-9A1E7A4F7556}") = "ANC.Comun", "ANC.Comun\ANC.Comun.csproj", "{083757FB-B945-47CF-99F3-1FD489BC631A}"
EndProject
Project("{9A19103F-16F7-4668-BE54-9A1E7A4F7556}") = "ANC.Conexion", "ANC.Conexion\ANC.Conexion.csproj", "{3BA4E68A-11B4-4FE3-9271-8C3F100832C6}"
EndProject
Project("{9A19103F-16F7-4668-BE54-9A1E7A4F7556}") = "ANC.Antecedentes-web", "ANC.Antecedentes-web\ANC.Antecedentes-web.csproj", "{CB963368-C5CB-4206-A9D2-50309A99EA18}"
EndProject
Global
	GlobalSection(SolutionConfigurationPlatforms) = preSolution
		Debug|Any CPU = Debug|Any CPU
		Release|Any CPU = Release|Any CPU
	EndGlobalSection
	GlobalSection(ProjectConfigurationPlatforms) = postSolution
		{EF3DEEF9-0302-4C08-B52D-56D647F3DE3F}.Debug|Any CPU.ActiveCfg = Debug|Any CPU
		{EF3DEEF9-0302-4C08-B52D-56D647F3DE3F}.Debug|Any CPU.Build.0 = Debug|Any CPU
		{EF3DEEF9-0302-4C08-B52D-56D647F3DE3F}.Release|Any CPU.ActiveCfg = Release|Any CPU
		{EF3DEEF9-0302-4C08-B52D-56D647F3DE3F}.Release|Any CPU.Build.0 = Release|Any CPU
		{EB8EB4E5-56BD-40AC-B609-09B482750DD5}.Debug|Any CPU.ActiveCfg = Debug|Any CPU
		{EB8EB4E5-56BD-40AC-B609-09B482750DD5}.Debug|Any CPU.Build.0 = Debug|Any CPU
		{EB8EB4E5-56BD-40AC-B609-09B482750DD5}.Release|Any CPU.ActiveCfg = Release|Any CPU
		{EB8EB4E5-56BD-40AC-B609-09B482750DD5}.Release|Any CPU.Build.0 = Release|Any CPU
		{5D8E63E6-4FEF-4D94-8378-4F3D1292DE77}.Debug|Any CPU.ActiveCfg = Debug|Any CPU
		{5D8E63E6-4FEF-4D94-8378-4F3D1292DE77}.Debug|Any CPU.Build.0 = Debug|Any CPU
		{5D8E63E6-4FEF-4D94-8378-4F3D1292DE77}.Release|Any CPU.ActiveCfg = Release|Any CPU
		{5D8E63E6-4FEF-4D94-8378-4F3D1292DE77}.Release|Any CPU.Build.0 = Release|Any CPU
		{68D61AEB-434D-4C3A-AEC1-DF2B3EAA67D0}.Debug|Any CPU.ActiveCfg = Debug|Any CPU
		{68D61AEB-434D-4C3A-AEC1-DF2B3EAA67D0}.Debug|Any CPU.Build.0 = Debug|Any CPU
		{68D61AEB-434D-4C3A-AEC1-DF2B3EAA67D0}.Release|Any CPU.ActiveCfg = Release|Any CPU
		{68D61AEB-434D-4C3A-AEC1-DF2B3EAA67D0}.Release|Any CPU.Build.0 = Release|Any CPU
		{52632F09-163B-4628-827A-77A929D1CCCB}.Debug|Any CPU.ActiveCfg = Debug|Any CPU
		{52632F09-163B-4628-827A-77A929D1CCCB}.Debug|Any CPU.Build.0 = Debug|Any CPU
		{52632F09-163B-4628-827A-77A929D1CCCB}.Release|Any CPU.ActiveCfg = Release|Any CPU
		{52632F09-163B-4628-827A-77A929D1CCCB}.Release|Any CPU.Build.0 = Release|Any CPU
		{083757FB-B945-47CF-99F3-1FD489BC631A}.Debug|Any CPU.ActiveCfg = Debug|Any CPU
		{083757FB-B945-47CF-99F3-1FD489BC631A}.Debug|Any CPU.Build.0 = Debug|Any CPU
		{083757FB-B945-47CF-99F3-1FD489BC631A}.Release|Any CPU.ActiveCfg = Release|Any CPU
		{083757FB-B945-47CF-99F3-1FD489BC631A}.Release|Any CPU.Build.0 = Release|Any CPU
		{3BA4E68A-11B4-4FE3-9271-8C3F100832C6}.Debug|Any CPU.ActiveCfg = Debug|Any CPU
		{3BA4E68A-11B4-4FE3-9271-8C3F100832C6}.Debug|Any CPU.Build.0 = Debug|Any CPU
		{3BA4E68A-11B4-4FE3-9271-8C3F100832C6}.Release|Any CPU.ActiveCfg = Release|Any CPU
		{3BA4E68A-11B4-4FE3-9271-8C3F100832C6}.Release|Any CPU.Build.0 = Release|Any CPU
		{CB963368-C5CB-4206-A9D2-50309A99EA18}.Debug|Any CPU.ActiveCfg = Debug|Any CPU
		{CB963368-C5CB-4206-A9D2-50309A99EA18}.Debug|Any CPU.Build.0 = Debug|Any CPU
		{CB963368-C5CB-4206-A9D2-50309A99EA18}.Release|Any CPU.ActiveCfg = Release|Any CPU
		{CB963368-C5CB-4206-A9D2-50309A99EA18}.Release|Any CPU.Build.0 = Release|Any CPU
	EndGlobalSection
	GlobalSection(SolutionProperties) = preSolution
		HideSolutionNode = FALSE
	EndGlobalSection
	GlobalSection(NestedProjects) = preSolution
		{EF3DEEF9-0302-4C08-B52D-56D647F3DE3F} = {682DB757-C4E7-4769-982B-52B4B032A1CD}
		{682DB757-C4E7-4769-982B-52B4B032A1CD} = {F0B89DDA-0E00-4FCB-B4C6-EFB3FDB05CA8}
		{849E326F-9C39-4259-9F56-C491957AFBCC} = {F0B89DDA-0E00-4FCB-B4C6-EFB3FDB05CA8}
		{EB8EB4E5-56BD-40AC-B609-09B482750DD5} = {1FDB336B-9CA4-4F98-91EB-EC888DF052BE}
		{5D8E63E6-4FEF-4D94-8378-4F3D1292DE77} = {E8BB8077-51A5-4B5E-9026-3D4625C904B9}
		{68D61AEB-434D-4C3A-AEC1-DF2B3EAA67D0} = {D30BBF6E-799E-4ECC-AFB3-89CEB7911AEE}
		{52632F09-163B-4628-827A-77A929D1CCCB} = {60166B84-283E-4C1C-8F4E-97E67228B73D}
		{083757FB-B945-47CF-99F3-1FD489BC631A} = {09EC9C67-E3C5-4E43-8DDE-DF3F62A39DE8}
		{3BA4E68A-11B4-4FE3-9271-8C3F100832C6} = {D30BBF6E-799E-4ECC-AFB3-89CEB7911AEE}
		{CB963368-C5CB-4206-A9D2-50309A99EA18} = {849E326F-9C39-4259-9F56-C491957AFBCC}
	EndGlobalSection
	GlobalSection(ExtensibilityGlobals) = postSolution
		SolutionGuid = {DA85FAED-83B5-489C-BC16-FC56CFD3BFF3}
	EndGlobalSection
EndGlobal
